// !$*UTF8*$!
{
	archiveVersion = 1;
	classes = {
	};
	objectVersion = 50;
	objects = {

/* Begin PBXBuildFile section */
		503776CF2648F59C00A53D7F /* LandmarksApp.swift in Sources */ = {isa = PBXBuildFile; fileRef = 503776CE2648F59C00A53D7F /* LandmarksApp.swift */; };
		503776D12648F59C00A53D7F /* ContentView.swift in Sources */ = {isa = PBXBuildFile; fileRef = 503776D02648F59C00A53D7F /* ContentView.swift */; };
		503776D32648F59D00A53D7F /* Assets.xcassets in Resources */ = {isa = PBXBuildFile; fileRef = 503776D22648F59D00A53D7F /* Assets.xcassets */; };
		503776D62648F59D00A53D7F /* Preview Assets.xcassets in Resources */ = {isa = PBXBuildFile; fileRef = 503776D52648F59D00A53D7F /* Preview Assets.xcassets */; };
		503776E12648F59D00A53D7F /* LandmarksTests.swift in Sources */ = {isa = PBXBuildFile; fileRef = 503776E02648F59D00A53D7F /* LandmarksTests.swift */; };
		503776EC2648F59D00A53D7F /* LandmarksUITests.swift in Sources */ = {isa = PBXBuildFile; fileRef = 503776EB2648F59D00A53D7F /* LandmarksUITests.swift */; };
		503776FA26491F0700A53D7F /* CircleImage.swift in Sources */ = {isa = PBXBuildFile; fileRef = 503776F926491F0700A53D7F /* CircleImage.swift */; };
		503776FC264925C300A53D7F /* MapView.swift in Sources */ = {isa = PBXBuildFile; fileRef = 503776FB264925C300A53D7F /* MapView.swift */; };
		503776FE264A06CE00A53D7F /* landmarkData.json in Resources */ = {isa = PBXBuildFile; fileRef = 503776FD264A06CE00A53D7F /* landmarkData.json */; };
		50377700264A074100A53D7F /* Landmark.swift in Sources */ = {isa = PBXBuildFile; fileRef = 503776FF264A074100A53D7F /* Landmark.swift */; };
		50377702264A120900A53D7F /* ModelData.swift in Sources */ = {isa = PBXBuildFile; fileRef = 50377701264A120900A53D7F /* ModelData.swift */; };
		50377707264A1AD400A53D7F /* LandmarkRow.swift in Sources */ = {isa = PBXBuildFile; fileRef = 50377706264A1AD400A53D7F /* LandmarkRow.swift */; };
		50377709264A291500A53D7F /* LandmarkList.swift in Sources */ = {isa = PBXBuildFile; fileRef = 50377708264A291500A53D7F /* LandmarkList.swift */; };
		5037770B264A51EF00A53D7F /* LandmarkDetail.swift in Sources */ = {isa = PBXBuildFile; fileRef = 5037770A264A51EF00A53D7F /* LandmarkDetail.swift */; };
/* End PBXBuildFile section */

/* Begin PBXContainerItemProxy section */
		503776DD2648F59D00A53D7F /* PBXContainerItemProxy */ = {
			isa = PBXContainerItemProxy;
			containerPortal = 503776C32648F59C00A53D7F /* Project object */;
			proxyType = 1;
			remoteGlobalIDString = 503776CA2648F59C00A53D7F;
			remoteInfo = Landmarks;
		};
		503776E82648F59D00A53D7F /* PBXContainerItemProxy */ = {
			isa = PBXContainerItemProxy;
			containerPortal = 503776C32648F59C00A53D7F /* Project object */;
			proxyType = 1;
			remoteGlobalIDString = 503776CA2648F59C00A53D7F;
			remoteInfo = Landmarks;
		};
/* End PBXContainerItemProxy section */

/* Begin PBXFileReference section */
		503776CB2648F59C00A53D7F /* Landmarks.app */ = {isa = PBXFileReference; explicitFileType = wrapper.application; includeInIndex = 0; path = Landmarks.app; sourceTree = BUILT_PRODUCTS_DIR; };
		503776CE2648F59C00A53D7F /* LandmarksApp.swift */ = {isa = PBXFileReference; lastKnownFileType = sourcecode.swift; path = LandmarksApp.swift; sourceTree = "<group>"; };
		503776D02648F59C00A53D7F /* ContentView.swift */ = {isa = PBXFileReference; lastKnownFileType = sourcecode.swift; path = ContentView.swift; sourceTree = "<group>"; };
		503776D22648F59D00A53D7F /* Assets.xcassets */ = {isa = PBXFileReference; lastKnownFileType = folder.assetcatalog; path = Assets.xcassets; sourceTree = "<group>"; };
		503776D52648F59D00A53D7F /* Preview Assets.xcassets */ = {isa = PBXFileReference; lastKnownFileType = folder.assetcatalog; path = "Preview Assets.xcassets"; sourceTree = "<group>"; };
		503776D72648F59D00A53D7F /* Info.plist */ = {isa = PBXFileReference; lastKnownFileType = text.plist.xml; path = Info.plist; sourceTree = "<group>"; };
		503776DC2648F59D00A53D7F /* LandmarksTests.xctest */ = {isa = PBXFileReference; explicitFileType = wrapper.cfbundle; includeInIndex = 0; path = LandmarksTests.xctest; sourceTree = BUILT_PRODUCTS_DIR; };
		503776E02648F59D00A53D7F /* LandmarksTests.swift */ = {isa = PBXFileReference; lastKnownFileType = sourcecode.swift; path = LandmarksTests.swift; sourceTree = "<group>"; };
		503776E22648F59D00A53D7F /* Info.plist */ = {isa = PBXFileReference; lastKnownFileType = text.plist.xml; path = Info.plist; sourceTree = "<group>"; };
		503776E72648F59D00A53D7F /* LandmarksUITests.xctest */ = {isa = PBXFileReference; explicitFileType = wrapper.cfbundle; includeInIndex = 0; path = LandmarksUITests.xctest; sourceTree = BUILT_PRODUCTS_DIR; };
		503776EB2648F59D00A53D7F /* LandmarksUITests.swift */ = {isa = PBXFileReference; lastKnownFileType = sourcecode.swift; path = LandmarksUITests.swift; sourceTree = "<group>"; };
		503776ED2648F59D00A53D7F /* Info.plist */ = {isa = PBXFileReference; lastKnownFileType = text.plist.xml; path = Info.plist; sourceTree = "<group>"; };
		503776F926491F0700A53D7F /* CircleImage.swift */ = {isa = PBXFileReference; lastKnownFileType = sourcecode.swift; path = CircleImage.swift; sourceTree = "<group>"; };
		503776FB264925C300A53D7F /* MapView.swift */ = {isa = PBXFileReference; lastKnownFileType = sourcecode.swift; path = MapView.swift; sourceTree = "<group>"; };
		503776FD264A06CE00A53D7F /* landmarkData.json */ = {isa = PBXFileReference; fileEncoding = 4; lastKnownFileType = text.json; path = landmarkData.json; sourceTree = "<group>"; };
		503776FF264A074100A53D7F /* Landmark.swift */ = {isa = PBXFileReference; lastKnownFileType = sourcecode.swift; path = Landmark.swift; sourceTree = "<group>"; };
		50377701264A120900A53D7F /* ModelData.swift */ = {isa = PBXFileReference; lastKnownFileType = sourcecode.swift; path = ModelData.swift; sourceTree = "<group>"; };
		50377706264A1AD400A53D7F /* LandmarkRow.swift */ = {isa = PBXFileReference; lastKnownFileType = sourcecode.swift; path = LandmarkRow.swift; sourceTree = "<group>"; };
		50377708264A291500A53D7F /* LandmarkList.swift */ = {isa = PBXFileReference; lastKnownFileType = sourcecode.swift; path = LandmarkList.swift; sourceTree = "<group>"; };
		5037770A264A51EF00A53D7F /* LandmarkDetail.swift */ = {isa = PBXFileReference; lastKnownFileType = sourcecode.swift; path = LandmarkDetail.swift; sourceTree = "<group>"; };
/* End PBXFileReference section */

/* Begin PBXFrameworksBuildPhase section */
		503776C82648F59C00A53D7F /* Frameworks */ = {
			isa = PBXFrameworksBuildPhase;
			buildActionMask = 2147483647;
			files = (
			);
			runOnlyForDeploymentPostprocessing = 0;
		};
		503776D92648F59D00A53D7F /* Frameworks */ = {
			isa = PBXFrameworksBuildPhase;
			buildActionMask = 2147483647;
			files = (
			);
			runOnlyForDeploymentPostprocessing = 0;
		};
		503776E42648F59D00A53D7F /* Frameworks */ = {
			isa = PBXFrameworksBuildPhase;
			buildActionMask = 2147483647;
			files = (
			);
			runOnlyForDeploymentPostprocessing = 0;
		};
/* End PBXFrameworksBuildPhase section */

/* Begin PBXGroup section */
		503776C22648F59C00A53D7F = {
			isa = PBXGroup;
			children = (
				503776CD2648F59C00A53D7F /* Landmarks */,
				503776DF2648F59D00A53D7F /* LandmarksTests */,
				503776EA2648F59D00A53D7F /* LandmarksUITests */,
				503776CC2648F59C00A53D7F /* Products */,
			);
			sourceTree = "<group>";
		};
		503776CC2648F59C00A53D7F /* Products */ = {
			isa = PBXGroup;
			children = (
				503776CB2648F59C00A53D7F /* Landmarks.app */,
				503776DC2648F59D00A53D7F /* LandmarksTests.xctest */,
				503776E72648F59D00A53D7F /* LandmarksUITests.xctest */,
			);
			name = Products;
			sourceTree = "<group>";
		};
		503776CD2648F59C00A53D7F /* Landmarks */ = {
			isa = PBXGroup;
			children = (
				50377705264A199B00A53D7F /* Resources */,
				50377703264A138000A53D7F /* Views */,
				503776CE2648F59C00A53D7F /* LandmarksApp.swift */,
				503776D22648F59D00A53D7F /* Assets.xcassets */,
				503776D72648F59D00A53D7F /* Info.plist */,
				503776D42648F59D00A53D7F /* Preview Content */,
				50377704264A13DD00A53D7F /* Model */,
			);
			path = Landmarks;
			sourceTree = "<group>";
		};
		503776D42648F59D00A53D7F /* Preview Content */ = {
			isa = PBXGroup;
			children = (
				503776D52648F59D00A53D7F /* Preview Assets.xcassets */,
			);
			path = "Preview Content";
			sourceTree = "<group>";
		};
		503776DF2648F59D00A53D7F /* LandmarksTests */ = {
			isa = PBXGroup;
			children = (
				503776E02648F59D00A53D7F /* LandmarksTests.swift */,
				503776E22648F59D00A53D7F /* Info.plist */,
			);
			path = LandmarksTests;
			sourceTree = "<group>";
		};
		503776EA2648F59D00A53D7F /* LandmarksUITests */ = {
			isa = PBXGroup;
			children = (
				503776EB2648F59D00A53D7F /* LandmarksUITests.swift */,
				503776ED2648F59D00A53D7F /* Info.plist */,
			);
			path = LandmarksUITests;
			sourceTree = "<group>";
		};
		50377703264A138000A53D7F /* Views */ = {
			isa = PBXGroup;
			children = (
				503776D02648F59C00A53D7F /* ContentView.swift */,
				503776FB264925C300A53D7F /* MapView.swift */,
				503776F926491F0700A53D7F /* CircleImage.swift */,
				50377706264A1AD400A53D7F /* LandmarkRow.swift */,
				50377708264A291500A53D7F /* LandmarkList.swift */,
				5037770A264A51EF00A53D7F /* LandmarkDetail.swift */,
			);
			path = Views;
			sourceTree = "<group>";
		};
		50377704264A13DD00A53D7F /* Model */ = {
			isa = PBXGroup;
			children = (
				503776FF264A074100A53D7F /* Landmark.swift */,
				50377701264A120900A53D7F /* ModelData.swift */,
			);
			path = Model;
			sourceTree = "<group>";
		};
		50377705264A199B00A53D7F /* Resources */ = {
			isa = PBXGroup;
			children = (
				503776FD264A06CE00A53D7F /* landmarkData.json */,
			);
			path = Resources;
			sourceTree = "<group>";
		};
/* End PBXGroup section */

/* Begin PBXNativeTarget section */
		503776CA2648F59C00A53D7F /* Landmarks */ = {
			isa = PBXNativeTarget;
			buildConfigurationList = 503776F02648F59D00A53D7F /* Build configuration list for PBXNativeTarget "Landmarks" */;
			buildPhases = (
				503776C72648F59C00A53D7F /* Sources */,
				503776C82648F59C00A53D7F /* Frameworks */,
				503776C92648F59C00A53D7F /* Resources */,
			);
			buildRules = (
			);
			dependencies = (
			);
			name = Landmarks;
			productName = Landmarks;
			productReference = 503776CB2648F59C00A53D7F /* Landmarks.app */;
			productType = "com.apple.product-type.application";
		};
		503776DB2648F59D00A53D7F /* LandmarksTests */ = {
			isa = PBXNativeTarget;
			buildConfigurationList = 503776F32648F59D00A53D7F /* Build configuration list for PBXNativeTarget "LandmarksTests" */;
			buildPhases = (
				503776D82648F59D00A53D7F /* Sources */,
				503776D92648F59D00A53D7F /* Frameworks */,
				503776DA2648F59D00A53D7F /* Resources */,
			);
			buildRules = (
			);
			dependencies = (
				503776DE2648F59D00A53D7F /* PBXTargetDependency */,
			);
			name = LandmarksTests;
			productName = LandmarksTests;
			productReference = 503776DC2648F59D00A53D7F /* LandmarksTests.xctest */;
			productType = "com.apple.product-type.bundle.unit-test";
		};
		503776E62648F59D00A53D7F /* LandmarksUITests */ = {
			isa = PBXNativeTarget;
			buildConfigurationList = 503776F62648F59D00A53D7F /* Build configuration list for PBXNativeTarget "LandmarksUITests" */;
			buildPhases = (
				503776E32648F59D00A53D7F /* Sources */,
				503776E42648F59D00A53D7F /* Frameworks */,
				503776E52648F59D00A53D7F /* Resources */,
			);
			buildRules = (
			);
			dependencies = (
				503776E92648F59D00A53D7F /* PBXTargetDependency */,
			);
			name = LandmarksUITests;
			productName = LandmarksUITests;
			productReference = 503776E72648F59D00A53D7F /* LandmarksUITests.xctest */;
			productType = "com.apple.product-type.bundle.ui-testing";
		};
/* End PBXNativeTarget section */

/* Begin PBXProject section */
		503776C32648F59C00A53D7F /* Project object */ = {
			isa = PBXProject;
			attributes = {
				LastSwiftUpdateCheck = 1250;
				LastUpgradeCheck = 1250;
				TargetAttributes = {
					503776CA2648F59C00A53D7F = {
						CreatedOnToolsVersion = 12.5;
					};
					503776DB2648F59D00A53D7F = {
						CreatedOnToolsVersion = 12.5;
						TestTargetID = 503776CA2648F59C00A53D7F;
					};
					503776E62648F59D00A53D7F = {
						CreatedOnToolsVersion = 12.5;
						TestTargetID = 503776CA2648F59C00A53D7F;
					};
				};
			};
			buildConfigurationList = 503776C62648F59C00A53D7F /* Build configuration list for PBXProject "Landmarks" */;
			compatibilityVersion = "Xcode 9.3";
			developmentRegion = en;
			hasScannedForEncodings = 0;
			knownRegions = (
				en,
				Base,
			);
			mainGroup = 503776C22648F59C00A53D7F;
			productRefGroup = 503776CC2648F59C00A53D7F /* Products */;
			projectDirPath = "";
			projectRoot = "";
			targets = (
				503776CA2648F59C00A53D7F /* Landmarks */,
				503776DB2648F59D00A53D7F /* LandmarksTests */,
				503776E62648F59D00A53D7F /* LandmarksUITests */,
			);
		};
/* End PBXProject section */

/* Begin PBXResourcesBuildPhase section */
		503776C92648F59C00A53D7F /* Resources */ = {
			isa = PBXResourcesBuildPhase;
			buildActionMask = 2147483647;
			files = (
				503776D62648F59D00A53D7F /* Preview Assets.xcassets in Resources */,
				503776D32648F59D00A53D7F /* Assets.xcassets in Resources */,
				503776FE264A06CE00A53D7F /* landmarkData.json in Resources */,
			);
			runOnlyForDeploymentPostprocessing = 0;
		};
		503776DA2648F59D00A53D7F /* Resources */ = {
			isa = PBXResourcesBuildPhase;
			buildActionMask = 2147483647;
			files = (
			);
			runOnlyForDeploymentPostprocessing = 0;
		};
		503776E52648F59D00A53D7F /* Resources */ = {
			isa = PBXResourcesBuildPhase;
			buildActionMask = 2147483647;
			files = (
			);
			runOnlyForDeploymentPostprocessing = 0;
		};
/* End PBXResourcesBuildPhase section */

/* Begin PBXSourcesBuildPhase section */
		503776C72648F59C00A53D7F /* Sources */ = {
			isa = PBXSourcesBuildPhase;
			buildActionMask = 2147483647;
			files = (
				503776D12648F59C00A53D7F /* ContentView.swift in Sources */,
				503776FC264925C300A53D7F /* MapView.swift in Sources */,
				503776CF2648F59C00A53D7F /* LandmarksApp.swift in Sources */,
				50377709264A291500A53D7F /* LandmarkList.swift in Sources */,
				5037770B264A51EF00A53D7F /* LandmarkDetail.swift in Sources */,
				503776FA26491F0700A53D7F /* CircleImage.swift in Sources */,
				50377700264A074100A53D7F /* Landmark.swift in Sources */,
				50377707264A1AD400A53D7F /* LandmarkRow.swift in Sources */,
				50377702264A120900A53D7F /* ModelData.swift in Sources */,
			);
			runOnlyForDeploymentPostprocessing = 0;
		};
		503776D82648F59D00A53D7F /* Sources */ = {
			isa = PBXSourcesBuildPhase;
			buildActionMask = 2147483647;
			files = (
				503776E12648F59D00A53D7F /* LandmarksTests.swift in Sources */,
			);
			runOnlyForDeploymentPostprocessing = 0;
		};
		503776E32648F59D00A53D7F /* Sources */ = {
			isa = PBXSourcesBuildPhase;
			buildActionMask = 2147483647;
			files = (
				503776EC2648F59D00A53D7F /* LandmarksUITests.swift in Sources */,
			);
			runOnlyForDeploymentPostprocessing = 0;
		};
/* End PBXSourcesBuildPhase section */

/* Begin PBXTargetDependency section */
		503776DE2648F59D00A53D7F /* PBXTargetDependency */ = {
			isa = PBXTargetDependency;
			target = 503776CA2648F59C00A53D7F /* Landmarks */;
			targetProxy = 503776DD2648F59D00A53D7F /* PBXContainerItemProxy */;
		};
		503776E92648F59D00A53D7F /* PBXTargetDependency */ = {
			isa = PBXTargetDependency;
			target = 503776CA2648F59C00A53D7F /* Landmarks */;
			targetProxy = 503776E82648F59D00A53D7F /* PBXContainerItemProxy */;
		};
/* End PBXTargetDependency section */

/* Begin XCBuildConfiguration section */
		503776EE2648F59D00A53D7F /* Debug */ = {
			isa = XCBuildConfiguration;
			buildSettings = {
				ALWAYS_SEARCH_USER_PATHS = NO;
				CLANG_ANALYZER_NONNULL = YES;
				CLANG_ANALYZER_NUMBER_OBJECT_CONVERSION = YES_AGGRESSIVE;
				CLANG_CXX_LANGUAGE_STANDARD = "gnu++14";
				CLANG_CXX_LIBRARY = "libc++";
				CLANG_ENABLE_MODULES = YES;
				CLANG_ENABLE_OBJC_ARC = YES;
				CLANG_ENABLE_OBJC_WEAK = YES;
				CLANG_WARN_BLOCK_CAPTURE_AUTORELEASING = YES;
				CLANG_WARN_BOOL_CONVERSION = YES;
				CLANG_WARN_COMMA = YES;
				CLANG_WARN_CONSTANT_CONVERSION = YES;
				CLANG_WARN_DEPRECATED_OBJC_IMPLEMENTATIONS = YES;
				CLANG_WARN_DIRECT_OBJC_ISA_USAGE = YES_ERROR;
				CLANG_WARN_DOCUMENTATION_COMMENTS = YES;
				CLANG_WARN_EMPTY_BODY = YES;
				CLANG_WARN_ENUM_CONVERSION = YES;
				CLANG_WARN_INFINITE_RECURSION = YES;
				CLANG_WARN_INT_CONVERSION = YES;
				CLANG_WARN_NON_LITERAL_NULL_CONVERSION = YES;
				CLANG_WARN_OBJC_IMPLICIT_RETAIN_SELF = YES;
				CLANG_WARN_OBJC_LITERAL_CONVERSION = YES;
				CLANG_WARN_OBJC_ROOT_CLASS = YES_ERROR;
				CLANG_WARN_QUOTED_INCLUDE_IN_FRAMEWORK_HEADER = YES;
				CLANG_WARN_RANGE_LOOP_ANALYSIS = YES;
				CLANG_WARN_STRICT_PROTOTYPES = YES;
				CLANG_WARN_SUSPICIOUS_MOVE = YES;
				CLANG_WARN_UNGUARDED_AVAILABILITY = YES_AGGRESSIVE;
				CLANG_WARN_UNREACHABLE_CODE = YES;
				CLANG_WARN__DUPLICATE_METHOD_MATCH = YES;
				COPY_PHASE_STRIP = NO;
				DEBUG_INFORMATION_FORMAT = dwarf;
				ENABLE_STRICT_OBJC_MSGSEND = YES;
				ENABLE_TESTABILITY = YES;
				GCC_C_LANGUAGE_STANDARD = gnu11;
				GCC_DYNAMIC_NO_PIC = NO;
				GCC_NO_COMMON_BLOCKS = YES;
				GCC_OPTIMIZATION_LEVEL = 0;
				GCC_PREPROCESSOR_DEFINITIONS = (
					"DEBUG=1",
					"$(inherited)",
				);
				GCC_WARN_64_TO_32_BIT_CONVERSION = YES;
				GCC_WARN_ABOUT_RETURN_TYPE = YES_ERROR;
				GCC_WARN_UNDECLARED_SELECTOR = YES;
				GCC_WARN_UNINITIALIZED_AUTOS = YES_AGGRESSIVE;
				GCC_WARN_UNUSED_FUNCTION = YES;
				GCC_WARN_UNUSED_VARIABLE = YES;
				IPHONEOS_DEPLOYMENT_TARGET = 14.5;
				MTL_ENABLE_DEBUG_INFO = INCLUDE_SOURCE;
				MTL_FAST_MATH = YES;
				ONLY_ACTIVE_ARCH = YES;
				SDKROOT = iphoneos;
				SWIFT_ACTIVE_COMPILATION_CONDITIONS = DEBUG;
				SWIFT_OPTIMIZATION_LEVEL = "-Onone";
			};
			name = Debug;
		};
		503776EF2648F59D00A53D7F /* Release */ = {
			isa = XCBuildConfiguration;
			buildSettings = {
				ALWAYS_SEARCH_USER_PATHS = NO;
				CLANG_ANALYZER_NONNULL = YES;
				CLANG_ANALYZER_NUMBER_OBJECT_CONVERSION = YES_AGGRESSIVE;
				CLANG_CXX_LANGUAGE_STANDARD = "gnu++14";
				CLANG_CXX_LIBRARY = "libc++";
				CLANG_ENABLE_MODULES = YES;
				CLANG_ENABLE_OBJC_ARC = YES;
				CLANG_ENABLE_OBJC_WEAK = YES;
				CLANG_WARN_BLOCK_CAPTURE_AUTORELEASING = YES;
				CLANG_WARN_BOOL_CONVERSION = YES;
				CLANG_WARN_COMMA = YES;
				CLANG_WARN_CONSTANT_CONVERSION = YES;
				CLANG_WARN_DEPRECATED_OBJC_IMPLEMENTATIONS = YES;
				CLANG_WARN_DIRECT_OBJC_ISA_USAGE = YES_ERROR;
				CLANG_WARN_DOCUMENTATION_COMMENTS = YES;
				CLANG_WARN_EMPTY_BODY = YES;
				CLANG_WARN_ENUM_CONVERSION = YES;
				CLANG_WARN_INFINITE_RECURSION = YES;
				CLANG_WARN_INT_CONVERSION = YES;
				CLANG_WARN_NON_LITERAL_NULL_CONVERSION = YES;
				CLANG_WARN_OBJC_IMPLICIT_RETAIN_SELF = YES;
				CLANG_WARN_OBJC_LITERAL_CONVERSION = YES;
				CLANG_WARN_OBJC_ROOT_CLASS = YES_ERROR;
				CLANG_WARN_QUOTED_INCLUDE_IN_FRAMEWORK_HEADER = YES;
				CLANG_WARN_RANGE_LOOP_ANALYSIS = YES;
				CLANG_WARN_STRICT_PROTOTYPES = YES;
				CLANG_WARN_SUSPICIOUS_MOVE = YES;
				CLANG_WARN_UNGUARDED_AVAILABILITY = YES_AGGRESSIVE;
				CLANG_WARN_UNREACHABLE_CODE = YES;
				CLANG_WARN__DUPLICATE_METHOD_MATCH = YES;
				COPY_PHASE_STRIP = NO;
				DEBUG_INFORMATION_FORMAT = "dwarf-with-dsym";
				ENABLE_NS_ASSERTIONS = NO;
				ENABLE_STRICT_OBJC_MSGSEND = YES;
				GCC_C_LANGUAGE_STANDARD = gnu11;
				GCC_NO_COMMON_BLOCKS = YES;
				GCC_WARN_64_TO_32_BIT_CONVERSION = YES;
				GCC_WARN_ABOUT_RETURN_TYPE = YES_ERROR;
				GCC_WARN_UNDECLARED_SELECTOR = YES;
				GCC_WARN_UNINITIALIZED_AUTOS = YES_AGGRESSIVE;
				GCC_WARN_UNUSED_FUNCTION = YES;
				GCC_WARN_UNUSED_VARIABLE = YES;
				IPHONEOS_DEPLOYMENT_TARGET = 14.5;
				MTL_ENABLE_DEBUG_INFO = NO;
				MTL_FAST_MATH = YES;
				SDKROOT = iphoneos;
				SWIFT_COMPILATION_MODE = wholemodule;
				SWIFT_OPTIMIZATION_LEVEL = "-O";
				VALIDATE_PRODUCT = YES;
			};
			name = Release;
		};
		503776F12648F59D00A53D7F /* Debug */ = {
			isa = XCBuildConfiguration;
			buildSettings = {
				ASSETCATALOG_COMPILER_APPICON_NAME = AppIcon;
				ASSETCATALOG_COMPILER_GLOBAL_ACCENT_COLOR_NAME = AccentColor;
				CODE_SIGN_STYLE = Automatic;
				DEVELOPMENT_ASSET_PATHS = "\"Landmarks/Preview Content\"";
				ENABLE_PREVIEWS = YES;
				INFOPLIST_FILE = Landmarks/Info.plist;
				IPHONEOS_DEPLOYMENT_TARGET = 14.0;
				LD_RUNPATH_SEARCH_PATHS = (
					"$(inherited)",
					"@executable_path/Frameworks",
				);
				PRODUCT_BUNDLE_IDENTIFIER = com.example.Landmarks;
				PRODUCT_NAME = "$(TARGET_NAME)";
				SWIFT_VERSION = 5.0;
				TARGETED_DEVICE_FAMILY = "1,2";
			};
			name = Debug;
		};
		503776F22648F59D00A53D7F /* Release */ = {
			isa = XCBuildConfiguration;
			buildSettings = {
				ASSETCATALOG_COMPILER_APPICON_NAME = AppIcon;
				ASSETCATALOG_COMPILER_GLOBAL_ACCENT_COLOR_NAME = AccentColor;
				CODE_SIGN_STYLE = Automatic;
				DEVELOPMENT_ASSET_PATHS = "\"Landmarks/Preview Content\"";
				ENABLE_PREVIEWS = YES;
				INFOPLIST_FILE = Landmarks/Info.plist;
				IPHONEOS_DEPLOYMENT_TARGET = 14.0;
				LD_RUNPATH_SEARCH_PATHS = (
					"$(inherited)",
					"@executable_path/Frameworks",
				);
				PRODUCT_BUNDLE_IDENTIFIER = com.example.Landmarks;
				PRODUCT_NAME = "$(TARGET_NAME)";
				SWIFT_VERSION = 5.0;
				TARGETED_DEVICE_FAMILY = "1,2";
			};
			name = Release;
		};
		503776F42648F59D00A53D7F /* Debug */ = {
			isa = XCBuildConfiguration;
			buildSettings = {
				ALWAYS_EMBED_SWIFT_STANDARD_LIBRARIES = YES;
				BUNDLE_LOADER = "$(TEST_HOST)";
				CODE_SIGN_STYLE = Automatic;
				INFOPLIST_FILE = LandmarksTests/Info.plist;
				IPHONEOS_DEPLOYMENT_TARGET = 14.0;
				LD_RUNPATH_SEARCH_PATHS = (
					"$(inherited)",
					"@executable_path/Frameworks",
					"@loader_path/Frameworks",
				);
				PRODUCT_BUNDLE_IDENTIFIER = com.example.LandmarksTests;
				PRODUCT_NAME = "$(TARGET_NAME)";
				SWIFT_VERSION = 5.0;
				TARGETED_DEVICE_FAMILY = "1,2";
				TEST_HOST = "$(BUILT_PRODUCTS_DIR)/Landmarks.app/Landmarks";
			};
			name = Debug;
		};
		503776F52648F59D00A53D7F /* Release */ = {
			isa = XCBuildConfiguration;
			buildSettings = {
				ALWAYS_EMBED_SWIFT_STANDARD_LIBRARIES = YES;
				BUNDLE_LOADER = "$(TEST_HOST)";
				CODE_SIGN_STYLE = Automatic;
				INFOPLIST_FILE = LandmarksTests/Info.plist;
				IPHONEOS_DEPLOYMENT_TARGET = 14.0;
				LD_RUNPATH_SEARCH_PATHS = (
					"$(inherited)",
					"@executable_path/Frameworks",
					"@loader_path/Frameworks",
				);
				PRODUCT_BUNDLE_IDENTIFIER = com.example.LandmarksTests;
				PRODUCT_NAME = "$(TARGET_NAME)";
				SWIFT_VERSION = 5.0;
				TARGETED_DEVICE_FAMILY = "1,2";
				TEST_HOST = "$(BUILT_PRODUCTS_DIR)/Landmarks.app/Landmarks";
			};
			name = Release;
		};
		503776F72648F59D00A53D7F /* Debug */ = {
			isa = XCBuildConfiguration;
			buildSettings = {
				ALWAYS_EMBED_SWIFT_STANDARD_LIBRARIES = YES;
				CODE_SIGN_STYLE = Automatic;
				INFOPLIST_FILE = LandmarksUITests/Info.plist;
				LD_RUNPATH_SEARCH_PATHS = (
					"$(inherited)",
					"@executable_path/Frameworks",
					"@loader_path/Frameworks",
				);
				PRODUCT_BUNDLE_IDENTIFIER = com.example.LandmarksUITests;
				PRODUCT_NAME = "$(TARGET_NAME)";
				SWIFT_VERSION = 5.0;
				TARGETED_DEVICE_FAMILY = "1,2";
				TEST_TARGET_NAME = Landmarks;
			};
			name = Debug;
		};
		503776F82648F59D00A53D7F /* Release */ = {
			isa = XCBuildConfiguration;
			buildSettings = {
				ALWAYS_EMBED_SWIFT_STANDARD_LIBRARIES = YES;
				CODE_SIGN_STYLE = Automatic;
				INFOPLIST_FILE = LandmarksUITests/Info.plist;
				LD_RUNPATH_SEARCH_PATHS = (
					"$(inherited)",
					"@executable_path/Frameworks",
					"@loader_path/Frameworks",
				);
				PRODUCT_BUNDLE_IDENTIFIER = com.example.LandmarksUITests;
				PRODUCT_NAME = "$(TARGET_NAME)";
				SWIFT_VERSION = 5.0;
				TARGETED_DEVICE_FAMILY = "1,2";
				TEST_TARGET_NAME = Landmarks;
			};
			name = Release;
		};
/* End XCBuildConfiguration section */

/* Begin XCConfigurationList section */
		503776C62648F59C00A53D7F /* Build configuration list for PBXProject "Landmarks" */ = {
			isa = XCConfigurationList;
			buildConfigurations = (
				503776EE2648F59D00A53D7F /* Debug */,
				503776EF2648F59D00A53D7F /* Release */,
			);
			defaultConfigurationIsVisible = 0;
			defaultConfigurationName = Release;
		};
		503776F02648F59D00A53D7F /* Build configuration list for PBXNativeTarget "Landmarks" */ = {
			isa = XCConfigurationList;
			buildConfigurations = (
				503776F12648F59D00A53D7F /* Debug */,
				503776F22648F59D00A53D7F /* Release */,
			);
			defaultConfigurationIsVisible = 0;
			defaultConfigurationName = Release;
		};
		503776F32648F59D00A53D7F /* Build configuration list for PBXNativeTarget "LandmarksTests" */ = {
			isa = XCConfigurationList;
			buildConfigurations = (
				503776F42648F59D00A53D7F /* Debug */,
				503776F52648F59D00A53D7F /* Release */,
			);
			defaultConfigurationIsVisible = 0;
			defaultConfigurationName = Release;
		};
		503776F62648F59D00A53D7F /* Build configuration list for PBXNativeTarget "LandmarksUITests" */ = {
			isa = XCConfigurationList;
			buildConfigurations = (
				503776F72648F59D00A53D7F /* Debug */,
				503776F82648F59D00A53D7F /* Release */,
			);
			defaultConfigurationIsVisible = 0;
			defaultConfigurationName = Release;
		};
/* End XCConfigurationList section */
	};
	rootObject = 503776C32648F59C00A53D7F /* Project object */;
}
